
Microsoft Visual Studio Solution File, Format Version 12.00
# Visual Studio Version 17
VisualStudioVersion = 17.5.33530.505
MinimumVisualStudioVersion = 10.0.40219.1
Project("{FAE04EC0-301F-11D3-BF4B-00C04F79EFBC}") = "Connect4Lizard", "Connect4Lizard\Connect4Lizard.csproj", "{20C1BD9B-B609-4425-A940-89269D6EBE54}"
EndProject
Global
	GlobalSection(SolutionConfigurationPlatforms) = preSolution
		Debug|Any CPU = Debug|Any CPU
		Release|Any CPU = Release|Any CPU
	EndGlobalSection
	GlobalSection(ProjectConfigurationPlatforms) = postSolution
		{20C1BD9B-B609-4425-A940-89269D6EBE54}.Debug|Any CPU.ActiveCfg = Debug|Any CPU
		{20C1BD9B-B609-4425-A940-89269D6EBE54}.Debug|Any CPU.Build.0 = Debug|Any CPU
		{20C1BD9B-B609-4425-A940-89269D6EBE54}.Release|Any CPU.ActiveCfg = Release|Any CPU
		{20C1BD9B-B609-4425-A940-89269D6EBE54}.Release|Any CPU.Build.0 = Release|Any CPU
	EndGlobalSection
	GlobalSection(SolutionProperties) = preSolution
		HideSolutionNode = FALSE
	EndGlobalSection
	GlobalSection(ExtensibilityGlobals) = postSolution
		SolutionGuid = {C6C92707-F5A0-4F98-B4E3-DD8A843AD537}
	EndGlobalSection
EndGlobal
